
Microsoft Visual Studio Solution File, Format Version 12.00
# Visual Studio Version 16
VisualStudioVersion = 16.0.30114.105
MinimumVisualStudioVersion = 10.0.40219.1
Project("{2150E333-8FDC-42A3-9474-1A3956D46DE8}") = "src", "src", "{D41DD6F2-D032-4A36-B306-2C8EE7B4BF59}"
EndProject
Project("{FAE04EC0-301F-11D3-BF4B-00C04F79EFBC}") = "PostProductionScript.UI", "src\PostProductionScript.UI\PostProductionScript.UI.csproj", "{098884C8-D1A2-4B11-AC68-301AB10A31C7}"
EndProject
Project("{FAE04EC0-301F-11D3-BF4B-00C04F79EFBC}") = "PostProductionScript", "src\PostProductionScript\PostProductionScript.csproj", "{321D9017-0C11-4F98-9F3D-8B17C62FADA8}"
EndProject
Project("{2150E333-8FDC-42A3-9474-1A3956D46DE8}") = "tests", "tests", "{A9AB4566-96FF-48D4-B651-BC2C5275898B}"
EndProject
Project("{FAE04EC0-301F-11D3-BF4B-00C04F79EFBC}") = "PostProductionScript_Test", "tests\PostProductionScript_Test\PostProductionScript_Test.csproj", "{0A7BC00F-D592-4804-8D87-8D14DE3333F7}"
EndProject
Global
	GlobalSection(SolutionConfigurationPlatforms) = preSolution
		Debug|Any CPU = Debug|Any CPU
		Release|Any CPU = Release|Any CPU
	EndGlobalSection
	GlobalSection(SolutionProperties) = preSolution
		HideSolutionNode = FALSE
	EndGlobalSection
	GlobalSection(ProjectConfigurationPlatforms) = postSolution
		{098884C8-D1A2-4B11-AC68-301AB10A31C7}.Debug|Any CPU.ActiveCfg = Debug|Any CPU
		{098884C8-D1A2-4B11-AC68-301AB10A31C7}.Debug|Any CPU.Build.0 = Debug|Any CPU
		{098884C8-D1A2-4B11-AC68-301AB10A31C7}.Release|Any CPU.ActiveCfg = Release|Any CPU
		{098884C8-D1A2-4B11-AC68-301AB10A31C7}.Release|Any CPU.Build.0 = Release|Any CPU
		{321D9017-0C11-4F98-9F3D-8B17C62FADA8}.Debug|Any CPU.ActiveCfg = Debug|Any CPU
		{321D9017-0C11-4F98-9F3D-8B17C62FADA8}.Debug|Any CPU.Build.0 = Debug|Any CPU
		{321D9017-0C11-4F98-9F3D-8B17C62FADA8}.Release|Any CPU.ActiveCfg = Release|Any CPU
		{321D9017-0C11-4F98-9F3D-8B17C62FADA8}.Release|Any CPU.Build.0 = Release|Any CPU
		{0A7BC00F-D592-4804-8D87-8D14DE3333F7}.Debug|Any CPU.ActiveCfg = Debug|Any CPU
		{0A7BC00F-D592-4804-8D87-8D14DE3333F7}.Debug|Any CPU.Build.0 = Debug|Any CPU
		{0A7BC00F-D592-4804-8D87-8D14DE3333F7}.Release|Any CPU.ActiveCfg = Release|Any CPU
		{0A7BC00F-D592-4804-8D87-8D14DE3333F7}.Release|Any CPU.Build.0 = Release|Any CPU
	EndGlobalSection
	GlobalSection(NestedProjects) = preSolution
		{098884C8-D1A2-4B11-AC68-301AB10A31C7} = {D41DD6F2-D032-4A36-B306-2C8EE7B4BF59}
		{321D9017-0C11-4F98-9F3D-8B17C62FADA8} = {D41DD6F2-D032-4A36-B306-2C8EE7B4BF59}
		{0A7BC00F-D592-4804-8D87-8D14DE3333F7} = {A9AB4566-96FF-48D4-B651-BC2C5275898B}
	EndGlobalSection
EndGlobal
